
Microsoft Visual Studio Solution File, Format Version 12.00
# Visual Studio 15
VisualStudioVersion = 15.0.28307.1022
MinimumVisualStudioVersion = 10.0.40219.1
Project("{FAE04EC0-301F-11D3-BF4B-00C04F79EFBC}") = "Examen Unidad 3", "Examen Unidad 3\Examen Unidad 3.csproj", "{1A361F00-6E56-4A41-9E55-16AF74942540}"
EndProject
Global
	GlobalSection(SolutionConfigurationPlatforms) = preSolution
		Debug|Any CPU = Debug|Any CPU
		Release|Any CPU = Release|Any CPU
	EndGlobalSection
	GlobalSection(ProjectConfigurationPlatforms) = postSolution
		{1A361F00-6E56-4A41-9E55-16AF74942540}.Debug|Any CPU.ActiveCfg = Debug|Any CPU
		{1A361F00-6E56-4A41-9E55-16AF74942540}.Debug|Any CPU.Build.0 = Debug|Any CPU
		{1A361F00-6E56-4A41-9E55-16AF74942540}.Release|Any CPU.ActiveCfg = Release|Any CPU
		{1A361F00-6E56-4A41-9E55-16AF74942540}.Release|Any CPU.Build.0 = Release|Any CPU
	EndGlobalSection
	GlobalSection(SolutionProperties) = preSolution
		HideSolutionNode = FALSE
	EndGlobalSection
	GlobalSection(ExtensibilityGlobals) = postSolution
		SolutionGuid = {69C86E12-4A6D-413D-90F8-C317B5612D15}
	EndGlobalSection
EndGlobal
