
Microsoft Visual Studio Solution File, Format Version 12.00
# Visual Studio 15
VisualStudioVersion = 15.0.28307.1022
MinimumVisualStudioVersion = 10.0.40219.1
Project("{FAE04EC0-301F-11D3-BF4B-00C04F79EFBC}") = "Practica 3.1.9", "Practica 3.1.9\Practica 3.1.9.csproj", "{1B48108E-142C-4E23-974B-4C93FE961D10}"
EndProject
Global
	GlobalSection(SolutionConfigurationPlatforms) = preSolution
		Debug|Any CPU = Debug|Any CPU
		Release|Any CPU = Release|Any CPU
	EndGlobalSection
	GlobalSection(ProjectConfigurationPlatforms) = postSolution
		{1B48108E-142C-4E23-974B-4C93FE961D10}.Debug|Any CPU.ActiveCfg = Debug|Any CPU
		{1B48108E-142C-4E23-974B-4C93FE961D10}.Debug|Any CPU.Build.0 = Debug|Any CPU
		{1B48108E-142C-4E23-974B-4C93FE961D10}.Release|Any CPU.ActiveCfg = Release|Any CPU
		{1B48108E-142C-4E23-974B-4C93FE961D10}.Release|Any CPU.Build.0 = Release|Any CPU
	EndGlobalSection
	GlobalSection(SolutionProperties) = preSolution
		HideSolutionNode = FALSE
	EndGlobalSection
	GlobalSection(ExtensibilityGlobals) = postSolution
		SolutionGuid = {11A107E2-AA1B-4517-91CC-7F721D26E5F0}
	EndGlobalSection
EndGlobal
