
Microsoft Visual Studio Solution File, Format Version 12.00
# Visual Studio 15
VisualStudioVersion = 15.0.28307.1022
MinimumVisualStudioVersion = 10.0.40219.1
Project("{FAE04EC0-301F-11D3-BF4B-00C04F79EFBC}") = "ProyectoBaseDeDatos", "ProyectoBaseDeDatos\ProyectoBaseDeDatos.csproj", "{01C8A11F-E8A8-41EE-B859-FA43EEF7D1CD}"
EndProject
Global
	GlobalSection(SolutionConfigurationPlatforms) = preSolution
		Debug|Any CPU = Debug|Any CPU
		Release|Any CPU = Release|Any CPU
	EndGlobalSection
	GlobalSection(ProjectConfigurationPlatforms) = postSolution
		{01C8A11F-E8A8-41EE-B859-FA43EEF7D1CD}.Debug|Any CPU.ActiveCfg = Debug|Any CPU
		{01C8A11F-E8A8-41EE-B859-FA43EEF7D1CD}.Debug|Any CPU.Build.0 = Debug|Any CPU
		{01C8A11F-E8A8-41EE-B859-FA43EEF7D1CD}.Release|Any CPU.ActiveCfg = Release|Any CPU
		{01C8A11F-E8A8-41EE-B859-FA43EEF7D1CD}.Release|Any CPU.Build.0 = Release|Any CPU
	EndGlobalSection
	GlobalSection(SolutionProperties) = preSolution
		HideSolutionNode = FALSE
	EndGlobalSection
	GlobalSection(ExtensibilityGlobals) = postSolution
		SolutionGuid = {CB29C5A5-30C8-4806-BA7C-78A7A6A92652}
	EndGlobalSection
EndGlobal
