
Microsoft Visual Studio Solution File, Format Version 12.00
# Visual Studio 15
VisualStudioVersion = 15.0.28307.1022
MinimumVisualStudioVersion = 10.0.40219.1
Project("{FAE04EC0-301F-11D3-BF4B-00C04F79EFBC}") = "Practica 3.1.8", "Practica 3.1.8\Practica 3.1.8.csproj", "{AAFAC02F-815A-472A-8887-8A07A171499F}"
EndProject
Global
	GlobalSection(SolutionConfigurationPlatforms) = preSolution
		Debug|Any CPU = Debug|Any CPU
		Release|Any CPU = Release|Any CPU
	EndGlobalSection
	GlobalSection(ProjectConfigurationPlatforms) = postSolution
		{AAFAC02F-815A-472A-8887-8A07A171499F}.Debug|Any CPU.ActiveCfg = Debug|Any CPU
		{AAFAC02F-815A-472A-8887-8A07A171499F}.Debug|Any CPU.Build.0 = Debug|Any CPU
		{AAFAC02F-815A-472A-8887-8A07A171499F}.Release|Any CPU.ActiveCfg = Release|Any CPU
		{AAFAC02F-815A-472A-8887-8A07A171499F}.Release|Any CPU.Build.0 = Release|Any CPU
	EndGlobalSection
	GlobalSection(SolutionProperties) = preSolution
		HideSolutionNode = FALSE
	EndGlobalSection
	GlobalSection(ExtensibilityGlobals) = postSolution
		SolutionGuid = {77F8630F-487E-4C05-9E4F-B270F6DB89AB}
	EndGlobalSection
EndGlobal
